
Microsoft Visual Studio Solution File, Format Version 12.00
# Visual Studio Version 16
VisualStudioVersion = 16.0.31702.278
MinimumVisualStudioVersion = 10.0.40219.1
Project("{FAE04EC0-301F-11D3-BF4B-00C04F79EFBC}") = "LAB_ACT_MODULE_2", "LAB_ACT_MODULE_2.csproj", "{EA2CB73D-B6D7-4AA6-871B-6C91CC7B8F4F}"
EndProject
Global
	GlobalSection(SolutionConfigurationPlatforms) = preSolution
		Debug|Any CPU = Debug|Any CPU
		Release|Any CPU = Release|Any CPU
	EndGlobalSection
	GlobalSection(ProjectConfigurationPlatforms) = postSolution
		{EA2CB73D-B6D7-4AA6-871B-6C91CC7B8F4F}.Debug|Any CPU.ActiveCfg = Debug|Any CPU
		{EA2CB73D-B6D7-4AA6-871B-6C91CC7B8F4F}.Debug|Any CPU.Build.0 = Debug|Any CPU
		{EA2CB73D-B6D7-4AA6-871B-6C91CC7B8F4F}.Release|Any CPU.ActiveCfg = Release|Any CPU
		{EA2CB73D-B6D7-4AA6-871B-6C91CC7B8F4F}.Release|Any CPU.Build.0 = Release|Any CPU
	EndGlobalSection
	GlobalSection(SolutionProperties) = preSolution
		HideSolutionNode = FALSE
	EndGlobalSection
	GlobalSection(ExtensibilityGlobals) = postSolution
		SolutionGuid = {1F050DCF-D3C0-4F71-8C0A-DA4AC0BCBA2B}
	EndGlobalSection
EndGlobal
